
Microsoft Visual Studio Solution File, Format Version 12.00
# Visual Studio Version 16
VisualStudioVersion = 16.0.29806.167
MinimumVisualStudioVersion = 10.0.40219.1
Project("{FAE04EC0-301F-11D3-BF4B-00C04F79EFBC}") = "Bai2", "Winform2\Bai2.csproj", "{D4A81CA4-6318-4016-BA32-7D42DB56536B}"
EndProject
Project("{FAE04EC0-301F-11D3-BF4B-00C04F79EFBC}") = "Bai3", "Bai3\Bai3.csproj", "{A2397D75-703B-46ED-AFF4-605571530912}"
EndProject
Project("{FAE04EC0-301F-11D3-BF4B-00C04F79EFBC}") = "Bai4", "Bai4\Bai4.csproj", "{D55C956B-C349-4E05-ADB1-D2C60A2C6FD9}"
EndProject
Project("{FAE04EC0-301F-11D3-BF4B-00C04F79EFBC}") = "Bai5", "Bai5\Bai5.csproj", "{E2E72C92-8ABD-4BE3-8CBE-75FFDB4D4AF8}"
EndProject
Global
	GlobalSection(SolutionConfigurationPlatforms) = preSolution
		Debug|Any CPU = Debug|Any CPU
		Release|Any CPU = Release|Any CPU
	EndGlobalSection
	GlobalSection(ProjectConfigurationPlatforms) = postSolution
		{D4A81CA4-6318-4016-BA32-7D42DB56536B}.Debug|Any CPU.ActiveCfg = Debug|Any CPU
		{D4A81CA4-6318-4016-BA32-7D42DB56536B}.Debug|Any CPU.Build.0 = Debug|Any CPU
		{D4A81CA4-6318-4016-BA32-7D42DB56536B}.Release|Any CPU.ActiveCfg = Release|Any CPU
		{D4A81CA4-6318-4016-BA32-7D42DB56536B}.Release|Any CPU.Build.0 = Release|Any CPU
		{A2397D75-703B-46ED-AFF4-605571530912}.Debug|Any CPU.ActiveCfg = Debug|Any CPU
		{A2397D75-703B-46ED-AFF4-605571530912}.Debug|Any CPU.Build.0 = Debug|Any CPU
		{A2397D75-703B-46ED-AFF4-605571530912}.Release|Any CPU.ActiveCfg = Release|Any CPU
		{A2397D75-703B-46ED-AFF4-605571530912}.Release|Any CPU.Build.0 = Release|Any CPU
		{D55C956B-C349-4E05-ADB1-D2C60A2C6FD9}.Debug|Any CPU.ActiveCfg = Debug|Any CPU
		{D55C956B-C349-4E05-ADB1-D2C60A2C6FD9}.Debug|Any CPU.Build.0 = Debug|Any CPU
		{D55C956B-C349-4E05-ADB1-D2C60A2C6FD9}.Release|Any CPU.ActiveCfg = Release|Any CPU
		{D55C956B-C349-4E05-ADB1-D2C60A2C6FD9}.Release|Any CPU.Build.0 = Release|Any CPU
		{E2E72C92-8ABD-4BE3-8CBE-75FFDB4D4AF8}.Debug|Any CPU.ActiveCfg = Debug|Any CPU
		{E2E72C92-8ABD-4BE3-8CBE-75FFDB4D4AF8}.Debug|Any CPU.Build.0 = Debug|Any CPU
		{E2E72C92-8ABD-4BE3-8CBE-75FFDB4D4AF8}.Release|Any CPU.ActiveCfg = Release|Any CPU
		{E2E72C92-8ABD-4BE3-8CBE-75FFDB4D4AF8}.Release|Any CPU.Build.0 = Release|Any CPU
	EndGlobalSection
	GlobalSection(SolutionProperties) = preSolution
		HideSolutionNode = FALSE
	EndGlobalSection
	GlobalSection(ExtensibilityGlobals) = postSolution
		SolutionGuid = {1EE6B5CC-100B-45CA-B7CF-75C514FC8A82}
	EndGlobalSection
EndGlobal
